{
  "name": "backend-dev",
  "version": "1.0.0",
  "lockfileVersion": 3,
  "requires": true,
  "description": "Express.js API exercises 1-5",
  "main": "exercise1-filter.js",
  "packages": {
    "": {
      "name": "backend-dev",
      "version": "1.0.0",
      "license": "ISC"
    }
  },
  "scripts": {
    "ex1": "node exercise1-filter.js",
    "ex2": "node exercise2-validation.js",
    "ex3": "node exercise3-pagination.js",
    "ex4": "node exercise4-authors.js",
    "ex5": "node exercise5-search.js"
  }
}
